# THIS IS AN AUTOGENERATED FILE. DO NOT EDIT THIS FILE DIRECTLY.
# yarn lockfile v1


retypeapp@^3.0.3:
  version "3.0.3"
  resolved "https://registry.yarnpkg.com/retypeapp/-/retypeapp-3.0.3.tgz#2d3b33bc56087a11804e29ab0519b8b23daf8e67"
  integrity sha512-W5gNDz+a5uYvckyujfUytu6IjqX0t+Wih9cR7Mf2U8PQBdvcq0X+Dmda2kUut3dSqfeefgS9ffOVJgf58ZRQbw==
