# THIS IS AN AUTOGENERATED FILE. DO NOT EDIT THIS FILE DIRECTLY.
# yarn lockfile v1


retypeapp@^3.1.0:
  version "3.1.0"
  resolved "https://registry.yarnpkg.com/retypeapp/-/retypeapp-3.1.0.tgz#73cb9849c767c8f61ed0b228e48ec88bd96b68f3"
  integrity sha512-8qRO299gucLgcE46yp0ZzFZ5GXuydg141ApbdJYGYQpZBK7V3WS/ENnU3uDvDxlCnKbNxTj+0gR8quAKjsrg6Q==
