# This file is generated by running "yarn install" inside your project.
# Manual changes might be lost - proceed with caution!

__metadata:
  version: 8
  cacheKey: 10c0

"@hawapi/docs@workspace:.":
  version: 0.0.0-use.local
  resolution: "@hawapi/docs@workspace:."
  dependencies:
    retypeapp: "npm:^3.5.0"
  languageName: unknown
  linkType: soft

"retypeapp@npm:^3.5.0":
  version: 3.5.0
  resolution: "retypeapp@npm:3.5.0"
  bin:
    retype: retype.js
  checksum: 92fb00f41d56b03b0f25a25898a6a707dafc4c1ad0e3ca355cd7ae76e6819e026b9d6cbcc52057234993050437bd4b62f1ea10f51539f331519373cfe14af5b9
  languageName: node
  linkType: hard
